
Microsoft Visual Studio Solution File, Format Version 12.00
# Visual Studio Version 16
VisualStudioVersion = 16.0.28711.60
MinimumVisualStudioVersion = 10.0.40219.1
Project("{8BC9CEB8-8B4A-11D0-8D11-00A0C91BC942}") = "file-packer", "file-packer\file-packer.vcxproj", "{EAC3192C-E4EC-49C9-9C25-55393C32200E}"
	ProjectSection(ProjectDependencies) = postProject
		{078B8313-91BA-486D-A7A9-3815A1913642} = {078B8313-91BA-486D-A7A9-3815A1913642}
	EndProjectSection
EndProject
Project("{2150E333-8FDC-42A3-9474-1A3956D46DE8}") = "src", "src", "{A80C1E52-B51A-4051-9296-A51F4D9C4CE2}"
EndProject
Project("{2150E333-8FDC-42A3-9474-1A3956D46DE8}") = "tools", "tools", "{3FA3E49B-9438-4C9E-A8B7-748E06613A2F}"
EndProject
Project("{8BC9CEB8-8B4A-11D0-8D11-00A0C91BC942}") = "dll", "dll\dll.vcxproj", "{B0A85497-936A-4451-B48E-4D4911CC99B9}"
	ProjectSection(ProjectDependencies) = postProject
		{078B8313-91BA-486D-A7A9-3815A1913642} = {078B8313-91BA-486D-A7A9-3815A1913642}
		{81DF519C-EA05-458E-B33A-B6828BF427EE} = {81DF519C-EA05-458E-B33A-B6828BF427EE}
		{8DC368D7-4AA7-4520-9B48-899A6DC34C5F} = {8DC368D7-4AA7-4520-9B48-899A6DC34C5F}
		{C4E465DC-6EDB-4276-873A-23512DDB829A} = {C4E465DC-6EDB-4276-873A-23512DDB829A}
	EndProjectSection
EndProject
Project("{8BC9CEB8-8B4A-11D0-8D11-00A0C91BC942}") = "loader", "loader\loader.vcxproj", "{BCAC24FA-33D0-4EFF-B93C-DFED89C76928}"
	ProjectSection(ProjectDependencies) = postProject
		{078B8313-91BA-486D-A7A9-3815A1913642} = {078B8313-91BA-486D-A7A9-3815A1913642}
		{8DC368D7-4AA7-4520-9B48-899A6DC34C5F} = {8DC368D7-4AA7-4520-9B48-899A6DC34C5F}
		{C4E465DC-6EDB-4276-873A-23512DDB829A} = {C4E465DC-6EDB-4276-873A-23512DDB829A}
	EndProjectSection
EndProject
Project("{8BC9CEB8-8B4A-11D0-8D11-00A0C91BC942}") = "easy-packer", "easy-packer\easy-packer.vcxproj", "{078B8313-91BA-486D-A7A9-3815A1913642}"
EndProject
Project("{8BC9CEB8-8B4A-11D0-8D11-00A0C91BC942}") = "easy-hwid", "easy-hwid\easy-hwid.vcxproj", "{81DF519C-EA05-458E-B33A-B6828BF427EE}"
EndProject
Project("{8BC9CEB8-8B4A-11D0-8D11-00A0C91BC942}") = "anti-re", "anti-re\anti-re.vcxproj", "{C4E465DC-6EDB-4276-873A-23512DDB829A}"
EndProject
Project("{8BC9CEB8-8B4A-11D0-8D11-00A0C91BC942}") = "softon-socket", "softon-socket\softon-socket.vcxproj", "{8DC368D7-4AA7-4520-9B48-899A6DC34C5F}"
EndProject
Global
	GlobalSection(SolutionConfigurationPlatforms) = preSolution
		Debug|x64 = Debug|x64
		Debug|x86 = Debug|x86
		Release|x64 = Release|x64
		Release|x86 = Release|x86
	EndGlobalSection
	GlobalSection(ProjectConfigurationPlatforms) = postSolution
		{EAC3192C-E4EC-49C9-9C25-55393C32200E}.Debug|x64.ActiveCfg = Debug|x64
		{EAC3192C-E4EC-49C9-9C25-55393C32200E}.Debug|x64.Build.0 = Debug|x64
		{EAC3192C-E4EC-49C9-9C25-55393C32200E}.Debug|x86.ActiveCfg = Debug|Win32
		{EAC3192C-E4EC-49C9-9C25-55393C32200E}.Debug|x86.Build.0 = Debug|Win32
		{EAC3192C-E4EC-49C9-9C25-55393C32200E}.Release|x64.ActiveCfg = Release|x64
		{EAC3192C-E4EC-49C9-9C25-55393C32200E}.Release|x64.Build.0 = Release|x64
		{EAC3192C-E4EC-49C9-9C25-55393C32200E}.Release|x86.ActiveCfg = Release|Win32
		{EAC3192C-E4EC-49C9-9C25-55393C32200E}.Release|x86.Build.0 = Release|Win32
		{B0A85497-936A-4451-B48E-4D4911CC99B9}.Debug|x64.ActiveCfg = Debug|Win32
		{B0A85497-936A-4451-B48E-4D4911CC99B9}.Debug|x86.ActiveCfg = Debug|Win32
		{B0A85497-936A-4451-B48E-4D4911CC99B9}.Debug|x86.Build.0 = Debug|Win32
		{B0A85497-936A-4451-B48E-4D4911CC99B9}.Release|x64.ActiveCfg = Release|Win32
		{B0A85497-936A-4451-B48E-4D4911CC99B9}.Release|x64.Build.0 = Release|Win32
		{B0A85497-936A-4451-B48E-4D4911CC99B9}.Release|x86.ActiveCfg = Release|Win32
		{B0A85497-936A-4451-B48E-4D4911CC99B9}.Release|x86.Build.0 = Release|Win32
		{BCAC24FA-33D0-4EFF-B93C-DFED89C76928}.Debug|x64.ActiveCfg = Debug|Win32
		{BCAC24FA-33D0-4EFF-B93C-DFED89C76928}.Debug|x86.ActiveCfg = Debug|Win32
		{BCAC24FA-33D0-4EFF-B93C-DFED89C76928}.Debug|x86.Build.0 = Debug|Win32
		{BCAC24FA-33D0-4EFF-B93C-DFED89C76928}.Release|x64.ActiveCfg = Release|Win32
		{BCAC24FA-33D0-4EFF-B93C-DFED89C76928}.Release|x86.ActiveCfg = Release|Win32
		{BCAC24FA-33D0-4EFF-B93C-DFED89C76928}.Release|x86.Build.0 = Release|Win32
		{078B8313-91BA-486D-A7A9-3815A1913642}.Debug|x64.ActiveCfg = Debug|x64
		{078B8313-91BA-486D-A7A9-3815A1913642}.Debug|x64.Build.0 = Debug|x64
		{078B8313-91BA-486D-A7A9-3815A1913642}.Debug|x86.ActiveCfg = Debug|Win32
		{078B8313-91BA-486D-A7A9-3815A1913642}.Debug|x86.Build.0 = Debug|Win32
		{078B8313-91BA-486D-A7A9-3815A1913642}.Release|x64.ActiveCfg = Release|x64
		{078B8313-91BA-486D-A7A9-3815A1913642}.Release|x64.Build.0 = Release|x64
		{078B8313-91BA-486D-A7A9-3815A1913642}.Release|x86.ActiveCfg = Release|Win32
		{078B8313-91BA-486D-A7A9-3815A1913642}.Release|x86.Build.0 = Release|Win32
		{81DF519C-EA05-458E-B33A-B6828BF427EE}.Debug|x64.ActiveCfg = Debug|x64
		{81DF519C-EA05-458E-B33A-B6828BF427EE}.Debug|x64.Build.0 = Debug|x64
		{81DF519C-EA05-458E-B33A-B6828BF427EE}.Debug|x86.ActiveCfg = Debug|Win32
		{81DF519C-EA05-458E-B33A-B6828BF427EE}.Debug|x86.Build.0 = Debug|Win32
		{81DF519C-EA05-458E-B33A-B6828BF427EE}.Release|x64.ActiveCfg = Release|x64
		{81DF519C-EA05-458E-B33A-B6828BF427EE}.Release|x64.Build.0 = Release|x64
		{81DF519C-EA05-458E-B33A-B6828BF427EE}.Release|x86.ActiveCfg = Release|Win32
		{81DF519C-EA05-458E-B33A-B6828BF427EE}.Release|x86.Build.0 = Release|Win32
		{C4E465DC-6EDB-4276-873A-23512DDB829A}.Debug|x64.ActiveCfg = Debug|x64
		{C4E465DC-6EDB-4276-873A-23512DDB829A}.Debug|x64.Build.0 = Debug|x64
		{C4E465DC-6EDB-4276-873A-23512DDB829A}.Debug|x86.ActiveCfg = Debug|Win32
		{C4E465DC-6EDB-4276-873A-23512DDB829A}.Debug|x86.Build.0 = Debug|Win32
		{C4E465DC-6EDB-4276-873A-23512DDB829A}.Release|x64.ActiveCfg = Release|x64
		{C4E465DC-6EDB-4276-873A-23512DDB829A}.Release|x64.Build.0 = Release|x64
		{C4E465DC-6EDB-4276-873A-23512DDB829A}.Release|x86.ActiveCfg = Release|Win32
		{C4E465DC-6EDB-4276-873A-23512DDB829A}.Release|x86.Build.0 = Release|Win32
		{8DC368D7-4AA7-4520-9B48-899A6DC34C5F}.Debug|x64.ActiveCfg = Debug|x64
		{8DC368D7-4AA7-4520-9B48-899A6DC34C5F}.Debug|x64.Build.0 = Debug|x64
		{8DC368D7-4AA7-4520-9B48-899A6DC34C5F}.Debug|x86.ActiveCfg = Debug|Win32
		{8DC368D7-4AA7-4520-9B48-899A6DC34C5F}.Debug|x86.Build.0 = Debug|Win32
		{8DC368D7-4AA7-4520-9B48-899A6DC34C5F}.Release|x64.ActiveCfg = Release|x64
		{8DC368D7-4AA7-4520-9B48-899A6DC34C5F}.Release|x64.Build.0 = Release|x64
		{8DC368D7-4AA7-4520-9B48-899A6DC34C5F}.Release|x86.ActiveCfg = Release|Win32
		{8DC368D7-4AA7-4520-9B48-899A6DC34C5F}.Release|x86.Build.0 = Release|Win32
	EndGlobalSection
	GlobalSection(SolutionProperties) = preSolution
		HideSolutionNode = FALSE
	EndGlobalSection
	GlobalSection(NestedProjects) = preSolution
		{EAC3192C-E4EC-49C9-9C25-55393C32200E} = {A80C1E52-B51A-4051-9296-A51F4D9C4CE2}
		{B0A85497-936A-4451-B48E-4D4911CC99B9} = {A80C1E52-B51A-4051-9296-A51F4D9C4CE2}
		{BCAC24FA-33D0-4EFF-B93C-DFED89C76928} = {A80C1E52-B51A-4051-9296-A51F4D9C4CE2}
		{078B8313-91BA-486D-A7A9-3815A1913642} = {3FA3E49B-9438-4C9E-A8B7-748E06613A2F}
		{81DF519C-EA05-458E-B33A-B6828BF427EE} = {3FA3E49B-9438-4C9E-A8B7-748E06613A2F}
		{C4E465DC-6EDB-4276-873A-23512DDB829A} = {3FA3E49B-9438-4C9E-A8B7-748E06613A2F}
		{8DC368D7-4AA7-4520-9B48-899A6DC34C5F} = {3FA3E49B-9438-4C9E-A8B7-748E06613A2F}
	EndGlobalSection
	GlobalSection(ExtensibilityGlobals) = postSolution
		SolutionGuid = {37A9B5CF-2219-4007-AF3F-5D65CE79CE21}
	EndGlobalSection
EndGlobal
