<?xml version="1.0" encoding="utf-8"?>
<Project ToolsVersion="4.0" xmlns="http://schemas.microsoft.com/developer/msbuild/2003">
  <ItemGroup>
    <ClCompile Include="main.cpp" />
    <ClCompile Include="utils.cpp" />
    <ClCompile Include="render.cpp" />
    <ClCompile Include="file_system.cpp" />
    <ClCompile Include="mmap.cpp" />
    <ClCompile Include="imgui\imgui.cpp">
      <Filter>imgui</Filter>
    </ClCompile>
    <ClCompile Include="imgui\imgui_draw.cpp">
      <Filter>imgui</Filter>
    </ClCompile>
    <ClCompile Include="imgui\imgui_impl_glfw.cpp">
      <Filter>imgui</Filter>
    </ClCompile>
    <ClCompile Include="imgui\imgui_impl_opengl3.cpp">
      <Filter>imgui</Filter>
    </ClCompile>
    <ClCompile Include="imgui\imgui_tables.cpp">
      <Filter>imgui</Filter>
    </ClCompile>
    <ClCompile Include="imgui\imgui_widgets.cpp">
      <Filter>imgui</Filter>
    </ClCompile>
  </ItemGroup>
  <ItemGroup>
    <Filter Include="imgui">
      <UniqueIdentifier>{98c96e06-a17f-44eb-83a1-4ac5901825b8}</UniqueIdentifier>
    </Filter>
    <Filter Include="glew">
      <UniqueIdentifier>{c64f7890-9ba4-4b72-b942-d420f4197f97}</UniqueIdentifier>
    </Filter>
    <Filter Include="glfw">
      <UniqueIdentifier>{85255358-5c4e-4d2d-84aa-d78694f2b796}</UniqueIdentifier>
    </Filter>
  </ItemGroup>
  <ItemGroup>
    <ClInclude Include="utils.h" />
    <ClInclude Include="render.h" />
    <ClInclude Include="file_system.h" />
    <ClInclude Include="glfw_stuff.h" />
    <ClInclude Include="mmap.h" />
    <ClInclude Include="imgui\imconfig.h">
      <Filter>imgui</Filter>
    </ClInclude>
    <ClInclude Include="imgui\imgui.h">
      <Filter>imgui</Filter>
    </ClInclude>
    <ClInclude Include="imgui\imgui_hotkey.h">
      <Filter>imgui</Filter>
    </ClInclude>
    <ClInclude Include="imgui\imgui_impl_glfw.h">
      <Filter>imgui</Filter>
    </ClInclude>
    <ClInclude Include="imgui\imgui_impl_opengl3.h">
      <Filter>imgui</Filter>
    </ClInclude>
    <ClInclude Include="imgui\imgui_internal.h">
      <Filter>imgui</Filter>
    </ClInclude>
    <ClInclude Include="imgui\imstb_image.h">
      <Filter>imgui</Filter>
    </ClInclude>
    <ClInclude Include="imgui\imstb_rectpack.h">
      <Filter>imgui</Filter>
    </ClInclude>
    <ClInclude Include="imgui\imstb_textedit.h">
      <Filter>imgui</Filter>
    </ClInclude>
    <ClInclude Include="imgui\imstb_truetype.h">
      <Filter>imgui</Filter>
    </ClInclude>
    <ClInclude Include="glew\eglew.h">
      <Filter>glew</Filter>
    </ClInclude>
    <ClInclude Include="glew\glew.h">
      <Filter>glew</Filter>
    </ClInclude>
    <ClInclude Include="glew\glxew.h">
      <Filter>glew</Filter>
    </ClInclude>
    <ClInclude Include="glew\wglew.h">
      <Filter>glew</Filter>
    </ClInclude>
    <ClInclude Include="glfw\glfw3.h">
      <Filter>glfw</Filter>
    </ClInclude>
    <ClInclude Include="glfw\glfw3native.h">
      <Filter>glfw</Filter>
    </ClInclude>
  </ItemGroup>
  <ItemGroup>
    <Library Include="glew\glew32s.lib">
      <Filter>glew</Filter>
    </Library>
    <Library Include="glfw\glfw3.lib">
      <Filter>glfw</Filter>
    </Library>
  </ItemGroup>
</Project>